schema: '2.0'
stages:
  profile:
    cmd: python3 src/profiling.py assets/data/raw
    deps:
    - path: assets/data/raw
      md5: be46de455d64596af50528a16abe9a49.dir
      size: 13922823646
      nfiles: 31
    - path: src/config.py
      md5: 581c58923dda757a36e5cdd604ee0c40
      size: 1983
    - path: src/profile.yaml
      md5: 317b4d9674ca46acc17a1e8da4fa604e
      size: 3918
    - path: src/profiling.py
      md5: a0de3f466aff6d4d8e2e19269f5a9f15
      size: 1689
    params:
      params.yaml:
        profile.dataset:
    outs:
    - path: assets/profile
      md5: 32d75de305cf62bc53616f7c7949aa45.dir
      size: 78023074
      nfiles: 2
  clean:
    cmd: python3 src/clean.py assets/data/raw
    deps:
    - path: assets/data/raw
      md5: be46de455d64596af50528a16abe9a49.dir
      size: 13922823646
      nfiles: 31
    - path: assets/profile
      md5: 32d75de305cf62bc53616f7c7949aa45.dir
      size: 78023074
      nfiles: 2
    - path: src/clean.py
      md5: a8b253e9cd38b49f28876564fd61f284
      size: 6908
    - path: src/config.py
      md5: 581c58923dda757a36e5cdd604ee0c40
      size: 1983
    params:
      params.yaml:
        clean.classification: true
        clean.combine_files: false
        clean.correlation_metric: pearson
        clean.input_max_correlation_threshold: 1.0
        clean.onehot_encode_target: false
        clean.percentage_zeros_threshold: 1.0
        clean.target: label
    outs:
    - path: assets/data/cleaned
      md5: fc9eb056e0d712c311889bf2d77b59c5.dir
      size: 95198572
      nfiles: 15
    - path: assets/data/output_columns.csv
      md5: 6ce1c68917ca3988d2c92aeffaf7e4ad
      size: 11
  featurize:
    cmd: python3 src/featurize.py assets/data/cleaned/
    deps:
    - path: assets/data/cleaned
      md5: fc9eb056e0d712c311889bf2d77b59c5.dir
      size: 95198572
      nfiles: 15
    - path: assets/data/output_columns.csv
      md5: 6ce1c68917ca3988d2c92aeffaf7e4ad
      size: 11
    - path: src/config.py
      md5: 581c58923dda757a36e5cdd604ee0c40
      size: 1983
    - path: src/featurize.py
      md5: 5ca25bab7dba514d0dd9823e0440cede
      size: 10589
    params:
      params.yaml:
        clean.target: label
        featurize.add_rolling_features: false
        featurize.features:
        - wrist_acc_x
        - wrist_acc_y
        - wrist_acc_z
        - wrist_temp
        - wrist_eda
        - wrist_bvp
        featurize.remove_features:
        featurize.rolling_window_size: 256
        featurize.target_min_correlation_threshold: 0.0
    outs:
    - path: assets/data/featurized
      md5: 044ce644039136b53c6f063c3867fe9f.dir
      size: 118818688
      nfiles: 15
    - path: assets/data/input_columns.csv
      md5: 10276d6b0a7ccb086dee057d48b9c1c8
      size: 82
  split:
    cmd: python3 src/split.py assets/data/featurized/
    deps:
    - path: assets/data/featurized
      md5: 044ce644039136b53c6f063c3867fe9f.dir
      size: 118818688
      nfiles: 15
    - path: src/config.py
      md5: 581c58923dda757a36e5cdd604ee0c40
      size: 1983
    - path: src/split.py
      md5: eab3104cf0603f6f72b71fffb62d7e61
      size: 3720
    params:
      params.yaml:
        split.calibrate_split: 0.0
        split.shuffle_files: false
        split.train_split: 0.7
    outs:
    - path: assets/data/split
      md5: 26b764ce904b31a0b4b0ae53bdb03a0e.dir
      size: 118818688
      nfiles: 15
  scale:
    cmd: python3 src/scale.py assets/data/split/
    deps:
    - path: assets/data/output_columns.csv
      md5: 6ce1c68917ca3988d2c92aeffaf7e4ad
      size: 11
    - path: assets/data/split
      md5: 26b764ce904b31a0b4b0ae53bdb03a0e.dir
      size: 118818688
      nfiles: 15
    - path: src/config.py
      md5: 581c58923dda757a36e5cdd604ee0c40
      size: 1983
    - path: src/scale.py
      md5: e271c31f8dd63f7ecef59b792ec00592
      size: 3995
    params:
      params.yaml:
        clean.classification: true
        scale.input: standard
        scale.output: minmax
    outs:
    - path: assets/data/scaled
      md5: 8781a7ad3c2293f5cf5288aa767ac22b.dir
      size: 118824118
      nfiles: 15
  sequentialize:
    cmd: python3 src/sequentialize.py assets/data/scaled/
    deps:
    - path: assets/data/output_columns.csv
      md5: 6ce1c68917ca3988d2c92aeffaf7e4ad
      size: 11
    - path: assets/data/scaled
      md5: 8781a7ad3c2293f5cf5288aa767ac22b.dir
      size: 118824118
      nfiles: 15
    - path: src/config.py
      md5: 581c58923dda757a36e5cdd604ee0c40
      size: 1983
    - path: src/preprocess_utils.py
      md5: 1345869b29113d665af3d4bd22ba5b56
      size: 8660
    - path: src/sequentialize.py
      md5: dd923dad122f577ecfa3f166e7b10910
      size: 2250
    params:
      params.yaml:
        clean.classification: true
        sequentialize.shuffle_samples: false
        sequentialize.target_size: 1
        sequentialize.window_size: 64
        train.learning_method: lstm
    outs:
    - path: assets/data/sequentialized
      md5: 56783ecbb4bf59d7b5f066bdfb129500.dir
      size: 102115510
      nfiles: 15
  combine:
    cmd: python3 src/combine.py assets/data/sequentialized/
    deps:
    - path: assets/data/sequentialized
      md5: 56783ecbb4bf59d7b5f066bdfb129500.dir
      size: 102115510
      nfiles: 15
    - path: src/combine.py
      md5: d175bad0793f77c653fed58d9941c567
      size: 1806
    - path: src/config.py
      md5: 581c58923dda757a36e5cdd604ee0c40
      size: 1983
    outs:
    - path: assets/data/combined
      md5: f8c5a357ab2c97acb6ca2dbab165d7b2.dir
      size: 102109140
      nfiles: 2
  train:
    cmd: python3 src/train.py assets/data/combined/train.npz
    deps:
    - path: assets/data/combined
      md5: f8c5a357ab2c97acb6ca2dbab165d7b2.dir
      size: 102109140
      nfiles: 2
    - path: assets/data/output_columns.csv
      md5: 6ce1c68917ca3988d2c92aeffaf7e4ad
      size: 11
    - path: src/config.py
      md5: 581c58923dda757a36e5cdd604ee0c40
      size: 1983
    - path: src/neural_networks.py
      md5: 68d1f3f9e34bf2bb8ce7700cc7ed0b80
      size: 11832
    - path: src/train.py
      md5: f850e128d537199b4a4bd6631a00ab6d
      size: 7811
    params:
      params.yaml:
        clean.classification: true
        train.batch_size: 128
        train.early_stopping: true
        train.kernel_size: 3
        train.learning_method: lstm
        train.n_epochs: 500
        train.patience: 40
    outs:
    - path: assets/models
      md5: 4838515539dc3c0b04aea86e24d9c824.dir
      size: 252872
      nfiles: 1
  evaluate:
    cmd: python3 src/evaluate.py assets/models/model.h5 assets/data/combined/train.npz
      assets/data/combined/test.npz assets/data/combined/calibrate.npz
    deps:
    - path: assets/data/combined/test.npz
      md5: b64a4d8ff239dc9443fb0ce024efa5d9
      size: 33951330
    - path: assets/data/output_columns.csv
      md5: 6ce1c68917ca3988d2c92aeffaf7e4ad
      size: 11
    - path: assets/models/model.h5
      md5: 1d6ae7ac4d7fc29d1c426bfa624be6c1
      size: 252872
    - path: src/evaluate.py
      md5: 93c76510c17245ae0cc98b8f0d67d07a
      size: 13939
    params:
      params.yaml:
        clean.classification: true
    outs:
    - path: assets/metrics/metrics.json
      md5: cb0c57f1e998501c71ffb750efb2794c
      size: 32
