schema: '2.0'
stages:
  profile:
    cmd: python3 src/profiling.py assets/data/raw
    deps:
    - path: assets/data/raw
      md5: 59d0ef502721b6403c9f8b3f49230729.dir
      size: 13922823646
      nfiles: 31
    - path: src/config.py
      md5: 581c58923dda757a36e5cdd604ee0c40
      size: 1983
    - path: src/profile.yaml
      md5: 317b4d9674ca46acc17a1e8da4fa604e
      size: 3918
    - path: src/profiling.py
      md5: a0de3f466aff6d4d8e2e19269f5a9f15
      size: 1689
    params:
      params.yaml:
        profile.dataset:
    outs:
    - path: assets/profile
      md5: 72ab3e1da325d0e2e557450e6bdc2c63.dir
      size: 78025630
      nfiles: 2
  clean:
    cmd: python3 src/clean.py assets/data/raw
    deps:
    - path: assets/data/raw
      md5: 59d0ef502721b6403c9f8b3f49230729.dir
      size: 13922823646
      nfiles: 31
    - path: assets/profile
      md5: 72ab3e1da325d0e2e557450e6bdc2c63.dir
      size: 78025630
      nfiles: 2
    - path: src/clean.py
      md5: a8b253e9cd38b49f28876564fd61f284
      size: 6908
    - path: src/config.py
      md5: 581c58923dda757a36e5cdd604ee0c40
      size: 1983
    params:
      params.yaml:
        clean.classification: true
        clean.combine_files: true
        clean.correlation_metric: pearson
        clean.input_max_correlation_threshold: 1.0
        clean.onehot_encode_target: true
        clean.percentage_zeros_threshold: 1.0
        clean.target: label
    outs:
    - path: assets/data/cleaned
      md5: 277c277f79a7b7e91789351c1747b526.dir
      size: 106361734
      nfiles: 1
    - path: assets/data/output_columns.csv
      md5: 9494bbae181385b0009aabcd72afa849
      size: 33
  featurize:
    cmd: python3 src/featurize.py assets/data/cleaned/
    deps:
    - path: assets/data/cleaned
      md5: 277c277f79a7b7e91789351c1747b526.dir
      size: 106361734
      nfiles: 1
    - path: assets/data/output_columns.csv
      md5: 9494bbae181385b0009aabcd72afa849
      size: 33
    - path: src/config.py
      md5: 581c58923dda757a36e5cdd604ee0c40
      size: 1983
    - path: src/featurize.py
      md5: 5ca25bab7dba514d0dd9823e0440cede
      size: 10589
    params:
      params.yaml:
        clean.target: label
        featurize.add_rolling_features: false
        featurize.features:
        featurize.remove_features:
        featurize.rolling_window_size: 512
        featurize.target_min_correlation_threshold: 0.0
    outs:
    - path: assets/data/featurized
      md5: 1e9996e58994f8a85eaad663e67018cf.dir
      size: 152764544
      nfiles: 1
    - path: assets/data/input_columns.csv
      md5: 10276d6b0a7ccb086dee057d48b9c1c8
      size: 82
  split:
    cmd: python3 src/split.py assets/data/featurized/
    deps:
    - path: assets/data/featurized
      md5: 1e9996e58994f8a85eaad663e67018cf.dir
      size: 152764544
      nfiles: 1
    - path: src/config.py
      md5: 581c58923dda757a36e5cdd604ee0c40
      size: 1983
    - path: src/split.py
      md5: eab3104cf0603f6f72b71fffb62d7e61
      size: 3720
    params:
      params.yaml:
        split.calibrate_split: 0.0
        split.shuffle_files: false
        split.train_split: 0.7
    outs:
    - path: assets/data/split
      md5: 2dd42447c03a5593a520a109b1053c8d.dir
      size: 152764672
      nfiles: 2
  scale:
    cmd: python3 src/scale.py assets/data/split/
    deps:
    - path: assets/data/output_columns.csv
      md5: 9494bbae181385b0009aabcd72afa849
      size: 33
    - path: assets/data/split
      md5: 2dd42447c03a5593a520a109b1053c8d.dir
      size: 152764672
      nfiles: 2
    - path: src/config.py
      md5: 581c58923dda757a36e5cdd604ee0c40
      size: 1983
    - path: src/scale.py
      md5: e271c31f8dd63f7ecef59b792ec00592
      size: 3995
    params:
      params.yaml:
        clean.classification: true
        scale.input: standard
        scale.output: minmax
    outs:
    - path: assets/data/scaled
      md5: 1b630028f6381c9ce0509641990b96ef.dir
      size: 152765396
      nfiles: 2
  sequentialize:
    cmd: python3 src/sequentialize.py assets/data/scaled/
    deps:
    - path: assets/data/output_columns.csv
      md5: 9494bbae181385b0009aabcd72afa849
      size: 33
    - path: assets/data/scaled
      md5: 1b630028f6381c9ce0509641990b96ef.dir
      size: 152765396
      nfiles: 2
    - path: src/config.py
      md5: 581c58923dda757a36e5cdd604ee0c40
      size: 1983
    - path: src/preprocess_utils.py
      md5: 1345869b29113d665af3d4bd22ba5b56
      size: 8660
    - path: src/sequentialize.py
      md5: dd923dad122f577ecfa3f166e7b10910
      size: 2250
    params:
      params.yaml:
        clean.classification: true
        sequentialize.shuffle_samples: true
        sequentialize.target_size: 1
        sequentialize.window_size: 1
        train.learning_method: lstm1
    outs:
    - path: assets/data/sequentialized
      md5: beb680a1b019152a15fceea1c71dfb48.dir
      size: 152765396
      nfiles: 2
  combine:
    cmd: python3 src/combine.py assets/data/sequentialized/
    deps:
    - path: assets/data/sequentialized
      md5: beb680a1b019152a15fceea1c71dfb48.dir
      size: 152765396
      nfiles: 2
    - path: src/combine.py
      md5: d175bad0793f77c653fed58d9941c567
      size: 1806
    - path: src/config.py
      md5: 581c58923dda757a36e5cdd604ee0c40
      size: 1983
    outs:
    - path: assets/data/combined
      md5: bab1cf082c7d27fe63d2708f07a7f58c.dir
      size: 152765396
      nfiles: 2
  train:
    cmd: python3 src/train.py assets/data/combined/train.npz
    deps:
    - path: assets/data/combined
      md5: bab1cf082c7d27fe63d2708f07a7f58c.dir
      size: 152765396
      nfiles: 2
    - path: assets/data/output_columns.csv
      md5: 9494bbae181385b0009aabcd72afa849
      size: 33
    - path: src/config.py
      md5: 581c58923dda757a36e5cdd604ee0c40
      size: 1983
    - path: src/neural_networks.py
      md5: 34d7c17dcbc6f1df85521488902022a5
      size: 11447
    - path: src/train.py
      md5: 51230e10bb15666af01cd03af3e418bd
      size: 7729
    params:
      params.yaml:
        clean.classification: true
        train.batch_size: 128
        train.early_stopping: false
        train.kernel_size: 9
        train.learning_method: lstm1
        train.n_epochs: 5
        train.patience: 5
    outs:
    - path: assets/models
      md5: cc2500080e213273b7fc71cfdcb7085b.dir
      size: 45352
      nfiles: 1
  evaluate:
    cmd: python3 src/evaluate.py assets/models/model.h5 assets/data/combined/train.npz
      assets/data/combined/test.npz assets/data/combined/calibrate.npz
    deps:
    - path: assets/data/combined/test.npz
      md5: ab4315886e56cac6a53379985a4ae270
      size: 45829858
    - path: assets/data/output_columns.csv
      md5: 9494bbae181385b0009aabcd72afa849
      size: 33
    - path: assets/models/model.h5
      md5: ec43c5698cbca9b50135800a22a33b50
      size: 45352
    - path: src/evaluate.py
      md5: 93c76510c17245ae0cc98b8f0d67d07a
      size: 13939
    params:
      params.yaml:
        clean.classification: true
    outs:
    - path: assets/metrics/metrics.json
      md5: cce5296133da0a99c2995ab57f7fa960
      size: 32
  restructure:
    cmd: python3 src/preprocess.py assets/data/raw/WESAD/
  preprocess:
    cmd: python3 src/preprocess.py assets/data/raw
    deps:
    - path: assets/data/raw
      md5: df69e644ab7035580f184f7143c1072b.dir
      size: 13827625074
      nfiles: 16
    - path: src/preprocess.py
      md5: b0e5feb6df0d2faf080542f467777b86
      size: 4156
    params:
      params.yaml:
        preprocess.dataset: WESAD
        preprocess.labels:
        - 1
        - 2
        - 3
    outs:
    - path: assets/data/preprocessed
      md5: f24bba93b556094f59ccbee4f9f1d626.dir
      size: 95198572
      nfiles: 15
